
Microsoft Visual Studio Solution File, Format Version 12.00
# Visual Studio Version 16
VisualStudioVersion = 16.0.31402.337
MinimumVisualStudioVersion = 10.0.40219.1
Project("{9A19103F-16F7-4668-BE54-9A1E7A4F7556}") = "TCPLibrary", "TCPLibrary\TCPLibrary.csproj", "{0934D96A-716A-42E1-90E4-3A2674604A1F}"
EndProject
Project("{9A19103F-16F7-4668-BE54-9A1E7A4F7556}") = "TestTcp", "TestTcp\TestTcp.csproj", "{86269351-EC55-488E-831E-F2B98A16A203}"
EndProject
Project("{9A19103F-16F7-4668-BE54-9A1E7A4F7556}") = "SocketLibrary", "SocketLibrary\SocketLibrary.csproj", "{A2D728F3-854A-42BA-B5DE-29A1929F145B}"
EndProject
Project("{FAE04EC0-301F-11D3-BF4B-00C04F79EFBC}") = "TcpCode", "C:\Users\feng\Desktop\TcpCode\TcpCode.csproj", "{CD4F934E-B4C3-4292-8615-5F928756D784}"
EndProject
Global
	GlobalSection(SolutionConfigurationPlatforms) = preSolution
		Debug|Any CPU = Debug|Any CPU
		Release|Any CPU = Release|Any CPU
	EndGlobalSection
	GlobalSection(ProjectConfigurationPlatforms) = postSolution
		{0934D96A-716A-42E1-90E4-3A2674604A1F}.Debug|Any CPU.ActiveCfg = Debug|Any CPU
		{0934D96A-716A-42E1-90E4-3A2674604A1F}.Debug|Any CPU.Build.0 = Debug|Any CPU
		{0934D96A-716A-42E1-90E4-3A2674604A1F}.Release|Any CPU.ActiveCfg = Release|Any CPU
		{0934D96A-716A-42E1-90E4-3A2674604A1F}.Release|Any CPU.Build.0 = Release|Any CPU
		{86269351-EC55-488E-831E-F2B98A16A203}.Debug|Any CPU.ActiveCfg = Debug|Any CPU
		{86269351-EC55-488E-831E-F2B98A16A203}.Debug|Any CPU.Build.0 = Debug|Any CPU
		{86269351-EC55-488E-831E-F2B98A16A203}.Release|Any CPU.ActiveCfg = Release|Any CPU
		{86269351-EC55-488E-831E-F2B98A16A203}.Release|Any CPU.Build.0 = Release|Any CPU
		{A2D728F3-854A-42BA-B5DE-29A1929F145B}.Debug|Any CPU.ActiveCfg = Debug|Any CPU
		{A2D728F3-854A-42BA-B5DE-29A1929F145B}.Debug|Any CPU.Build.0 = Debug|Any CPU
		{A2D728F3-854A-42BA-B5DE-29A1929F145B}.Release|Any CPU.ActiveCfg = Release|Any CPU
		{A2D728F3-854A-42BA-B5DE-29A1929F145B}.Release|Any CPU.Build.0 = Release|Any CPU
		{CD4F934E-B4C3-4292-8615-5F928756D784}.Debug|Any CPU.ActiveCfg = Debug|Any CPU
		{CD4F934E-B4C3-4292-8615-5F928756D784}.Debug|Any CPU.Build.0 = Debug|Any CPU
		{CD4F934E-B4C3-4292-8615-5F928756D784}.Release|Any CPU.ActiveCfg = Release|Any CPU
		{CD4F934E-B4C3-4292-8615-5F928756D784}.Release|Any CPU.Build.0 = Release|Any CPU
	EndGlobalSection
	GlobalSection(SolutionProperties) = preSolution
		HideSolutionNode = FALSE
	EndGlobalSection
	GlobalSection(ExtensibilityGlobals) = postSolution
		SolutionGuid = {A7B66300-774C-45FE-8C27-10FCC28D3D8C}
	EndGlobalSection
EndGlobal
